# THIS IS AN AUTOGENERATED FILE. DO NOT EDIT THIS FILE DIRECTLY.
# yarn lockfile v1


"@fortawesome/fontawesome-common-types@6.4.2":
  version "6.4.2"
  resolved "https://registry.yarnpkg.com/@fortawesome/fontawesome-common-types/-/fontawesome-common-types-6.4.2.tgz#1766039cad33f8ad87f9467b98e0d18fbc8f01c5"
  integrity sha512-1DgP7f+XQIJbLFCTX1V2QnxVmpLdKdzzo2k8EmvDOePfchaIGQ9eCHj2up3/jNEbZuBqel5OxiaOJf37TWauRA==

"@fortawesome/fontawesome-free@^6.4.2":
  version "6.4.2"
  resolved "https://registry.yarnpkg.com/@fortawesome/fontawesome-free/-/fontawesome-free-6.4.2.tgz#36b6a9cb5ffbecdf89815c94d0c0ffa489ac5ecb"
  integrity sha512-m5cPn3e2+FDCOgi1mz0RexTUvvQibBebOUlUlW0+YrMjDTPkiJ6VTKukA1GRsvRw+12KyJndNjj0O4AgTxm2Pg==

"@fortawesome/fontawesome-svg-core@^6.4.2":
  version "6.4.2"
  resolved "https://registry.yarnpkg.com/@fortawesome/fontawesome-svg-core/-/fontawesome-svg-core-6.4.2.tgz#37f4507d5ec645c8b50df6db14eced32a6f9be09"
  integrity sha512-gjYDSKv3TrM2sLTOKBc5rH9ckje8Wrwgx1CxAPbN5N3Fm4prfi7NsJVWd1jklp7i5uSCVwhZS5qlhMXqLrpAIg==
  dependencies:
    "@fortawesome/fontawesome-common-types" "6.4.2"

"@fortawesome/free-brands-svg-icons@^6.4.2":
  version "6.4.2"
  resolved "https://registry.yarnpkg.com/@fortawesome/free-brands-svg-icons/-/free-brands-svg-icons-6.4.2.tgz#9b8e78066ea6dd563da5dfa686615791d0f7cc71"
  integrity sha512-LKOwJX0I7+mR/cvvf6qIiqcERbdnY+24zgpUSouySml+5w8B4BJOx8EhDR/FTKAu06W12fmUIcv6lzPSwYKGGg==
  dependencies:
    "@fortawesome/fontawesome-common-types" "6.4.2"

"@fortawesome/free-regular-svg-icons@^6.4.2":
  version "6.4.2"
  resolved "https://registry.yarnpkg.com/@fortawesome/free-regular-svg-icons/-/free-regular-svg-icons-6.4.2.tgz#aee79ed76ce5dd04931352f9d83700761b8b1b25"
  integrity sha512-0+sIUWnkgTVVXVAPQmW4vxb9ZTHv0WstOa3rBx9iPxrrrDH6bNLsDYuwXF9b6fGm+iR7DKQvQshUH/FJm3ed9Q==
  dependencies:
    "@fortawesome/fontawesome-common-types" "6.4.2"

"@fortawesome/free-solid-svg-icons@^6.4.2":
  version "6.4.2"
  resolved "https://registry.yarnpkg.com/@fortawesome/free-solid-svg-icons/-/free-solid-svg-icons-6.4.2.tgz#33a02c4cb6aa28abea7bc082a9626b7922099df4"
  integrity sha512-sYwXurXUEQS32fZz9hVCUUv/xu49PEJEyUOsA51l6PU/qVgfbTb2glsTEaJngVVT8VqBATRIdh7XVgV1JF1LkA==
  dependencies:
    "@fortawesome/fontawesome-common-types" "6.4.2"
